
Microsoft Visual Studio Solution File, Format Version 12.00
# Visual Studio Version 16
VisualStudioVersion = 16.0.31105.61
MinimumVisualStudioVersion = 10.0.40219.1
Project("{9A19103F-16F7-4668-BE54-9A1E7A4F7556}") = "ShippingApi", "ShippingApi\ShippingApi.csproj", "{1AC04023-7FCA-4E9F-BB92-2C8906874D7C}"
EndProject
Project("{FAE04EC0-301F-11D3-BF4B-00C04F79EFBC}") = "ShippingApi.Tests", "ShippingApi.Tests\ShippingApi.Tests.csproj", "{EEB4614A-49EF-4275-BFB2-C245BC86EB72}"
EndProject
Global
	GlobalSection(SolutionConfigurationPlatforms) = preSolution
		Debug|Any CPU = Debug|Any CPU
		Release|Any CPU = Release|Any CPU
	EndGlobalSection
	GlobalSection(ProjectConfigurationPlatforms) = postSolution
		{1AC04023-7FCA-4E9F-BB92-2C8906874D7C}.Debug|Any CPU.ActiveCfg = Debug|Any CPU
		{1AC04023-7FCA-4E9F-BB92-2C8906874D7C}.Debug|Any CPU.Build.0 = Debug|Any CPU
		{1AC04023-7FCA-4E9F-BB92-2C8906874D7C}.Release|Any CPU.ActiveCfg = Release|Any CPU
		{1AC04023-7FCA-4E9F-BB92-2C8906874D7C}.Release|Any CPU.Build.0 = Release|Any CPU
		{EEB4614A-49EF-4275-BFB2-C245BC86EB72}.Debug|Any CPU.ActiveCfg = Debug|Any CPU
		{EEB4614A-49EF-4275-BFB2-C245BC86EB72}.Debug|Any CPU.Build.0 = Debug|Any CPU
		{EEB4614A-49EF-4275-BFB2-C245BC86EB72}.Release|Any CPU.ActiveCfg = Release|Any CPU
		{EEB4614A-49EF-4275-BFB2-C245BC86EB72}.Release|Any CPU.Build.0 = Release|Any CPU
	EndGlobalSection
	GlobalSection(SolutionProperties) = preSolution
		HideSolutionNode = FALSE
	EndGlobalSection
	GlobalSection(ExtensibilityGlobals) = postSolution
		SolutionGuid = {4DB5550E-48A8-481A-8B1F-02F2A0CDC8AD}
	EndGlobalSection
EndGlobal
